// !$*UTF8*$!
{
	archiveVersion = 1;
	classes = {
	};
	objectVersion = 56;
	objects = {

/* Begin PBXBuildFile section */
		D3115FB02AD5C06200E437D0 /* RideModel+Firebase.swift in Sources */ = {isa = PBXBuildFile; fileRef = D3115FAF2AD5C06200E437D0 /* RideModel+Firebase.swift */; };
		D3115FB12AD5C06200E437D0 /* RideModel+Firebase.swift in Sources */ = {isa = PBXBuildFile; fileRef = D3115FAF2AD5C06200E437D0 /* RideModel+Firebase.swift */; };
		D3115FB22AD5C06200E437D0 /* RideModel+Firebase.swift in Sources */ = {isa = PBXBuildFile; fileRef = D3115FAF2AD5C06200E437D0 /* RideModel+Firebase.swift */; };
		D323D8992ABC57E800BBEC4E /* UCBurgalesaiOSApp.swift in Sources */ = {isa = PBXBuildFile; fileRef = D323D8982ABC57E800BBEC4E /* UCBurgalesaiOSApp.swift */; };
		D323D89B2ABC57E800BBEC4E /* ContentView.swift in Sources */ = {isa = PBXBuildFile; fileRef = D323D89A2ABC57E800BBEC4E /* ContentView.swift */; };
		D323D89D2ABC57E900BBEC4E /* Assets.xcassets in Resources */ = {isa = PBXBuildFile; fileRef = D323D89C2ABC57E900BBEC4E /* Assets.xcassets */; };
		D323D8A02ABC57E900BBEC4E /* Preview Assets.xcassets in Resources */ = {isa = PBXBuildFile; fileRef = D323D89F2ABC57E900BBEC4E /* Preview Assets.xcassets */; };
		D323D8AA2ABC57E900BBEC4E /* UCBurgalesaiOSTests.swift in Sources */ = {isa = PBXBuildFile; fileRef = D323D8A92ABC57E900BBEC4E /* UCBurgalesaiOSTests.swift */; };
		D323D8B42ABC57E900BBEC4E /* UCBurgalesaiOSUITests.swift in Sources */ = {isa = PBXBuildFile; fileRef = D323D8B32ABC57E900BBEC4E /* UCBurgalesaiOSUITests.swift */; };
		D323D8B62ABC57E900BBEC4E /* UCBurgalesaiOSUITestsLaunchTests.swift in Sources */ = {isa = PBXBuildFile; fileRef = D323D8B52ABC57E900BBEC4E /* UCBurgalesaiOSUITestsLaunchTests.swift */; };
		D323D8C42ABC585200BBEC4E /* ProfileModel.swift in Sources */ = {isa = PBXBuildFile; fileRef = D323D8C32ABC585200BBEC4E /* ProfileModel.swift */; };
		D323D8C52ABC585200BBEC4E /* ProfileModel.swift in Sources */ = {isa = PBXBuildFile; fileRef = D323D8C32ABC585200BBEC4E /* ProfileModel.swift */; };
		D323D8C62ABC585200BBEC4E /* ProfileModel.swift in Sources */ = {isa = PBXBuildFile; fileRef = D323D8C32ABC585200BBEC4E /* ProfileModel.swift */; };
		D323D8C82ABC58C800BBEC4E /* RideModel.swift in Sources */ = {isa = PBXBuildFile; fileRef = D323D8C72ABC58C800BBEC4E /* RideModel.swift */; };
		D323D8C92ABC58C800BBEC4E /* RideModel.swift in Sources */ = {isa = PBXBuildFile; fileRef = D323D8C72ABC58C800BBEC4E /* RideModel.swift */; };
		D323D8CA2ABC58C800BBEC4E /* RideModel.swift in Sources */ = {isa = PBXBuildFile; fileRef = D323D8C72ABC58C800BBEC4E /* RideModel.swift */; };
		D323D8CC2ABC58FB00BBEC4E /* CheckingModel.swift in Sources */ = {isa = PBXBuildFile; fileRef = D323D8CB2ABC58FB00BBEC4E /* CheckingModel.swift */; };
		D323D8CD2ABC58FB00BBEC4E /* CheckingModel.swift in Sources */ = {isa = PBXBuildFile; fileRef = D323D8CB2ABC58FB00BBEC4E /* CheckingModel.swift */; };
		D323D8CE2ABC58FB00BBEC4E /* CheckingModel.swift in Sources */ = {isa = PBXBuildFile; fileRef = D323D8CB2ABC58FB00BBEC4E /* CheckingModel.swift */; };
		D323D8E52AC5DC7D00BBEC4E /* FirebaseAnalyticsSwift in Frameworks */ = {isa = PBXBuildFile; productRef = D323D8E42AC5DC7D00BBEC4E /* FirebaseAnalyticsSwift */; };
		D323D8E72AC5DC7D00BBEC4E /* FirebaseAuth in Frameworks */ = {isa = PBXBuildFile; productRef = D323D8E62AC5DC7D00BBEC4E /* FirebaseAuth */; };
		D323D8E92AC5DC7D00BBEC4E /* FirebaseCrashlytics in Frameworks */ = {isa = PBXBuildFile; productRef = D323D8E82AC5DC7D00BBEC4E /* FirebaseCrashlytics */; };
		D323D8EB2AC5DC7D00BBEC4E /* FirebaseFirestore in Frameworks */ = {isa = PBXBuildFile; productRef = D323D8EA2AC5DC7D00BBEC4E /* FirebaseFirestore */; };
		D323D8ED2AC5DC7D00BBEC4E /* FirebaseFirestoreSwift in Frameworks */ = {isa = PBXBuildFile; productRef = D323D8EC2AC5DC7D00BBEC4E /* FirebaseFirestoreSwift */; };
		D323D8EF2AC5DC7D00BBEC4E /* FirebaseFunctions in Frameworks */ = {isa = PBXBuildFile; productRef = D323D8EE2AC5DC7D00BBEC4E /* FirebaseFunctions */; };
		D323D8F12AC5DC7D00BBEC4E /* FirebaseMessaging in Frameworks */ = {isa = PBXBuildFile; productRef = D323D8F02AC5DC7D00BBEC4E /* FirebaseMessaging */; };
		D323D8F32AC5DC7D00BBEC4E /* FirebaseStorage in Frameworks */ = {isa = PBXBuildFile; productRef = D323D8F22AC5DC7D00BBEC4E /* FirebaseStorage */; };
		D323D8F52AC5E3E900BBEC4E /* GoogleService-Info.plist in Resources */ = {isa = PBXBuildFile; fileRef = D323D8F42AC5E3E900BBEC4E /* GoogleService-Info.plist */; };
		D3B3F13C2ADD8D2A0000B662 /* LoginViewModel.swift in Sources */ = {isa = PBXBuildFile; fileRef = D3B3F13B2ADD8D2A0000B662 /* LoginViewModel.swift */; };
		D3B3F13D2ADD8D2A0000B662 /* LoginViewModel.swift in Sources */ = {isa = PBXBuildFile; fileRef = D3B3F13B2ADD8D2A0000B662 /* LoginViewModel.swift */; };
		D3B3F13E2ADD8D2A0000B662 /* LoginViewModel.swift in Sources */ = {isa = PBXBuildFile; fileRef = D3B3F13B2ADD8D2A0000B662 /* LoginViewModel.swift */; };
		D3B3F1402ADD8D370000B662 /* LoginView.swift in Sources */ = {isa = PBXBuildFile; fileRef = D3B3F13F2ADD8D370000B662 /* LoginView.swift */; };
		D3B3F1412ADD8D370000B662 /* LoginView.swift in Sources */ = {isa = PBXBuildFile; fileRef = D3B3F13F2ADD8D370000B662 /* LoginView.swift */; };
		D3B3F1422ADD8D370000B662 /* LoginView.swift in Sources */ = {isa = PBXBuildFile; fileRef = D3B3F13F2ADD8D370000B662 /* LoginView.swift */; };
		D3B3F1462ADD95C30000B662 /* AppState.swift in Sources */ = {isa = PBXBuildFile; fileRef = D3B3F1452ADD95C30000B662 /* AppState.swift */; };
		D3B3F1472ADD95C30000B662 /* AppState.swift in Sources */ = {isa = PBXBuildFile; fileRef = D3B3F1452ADD95C30000B662 /* AppState.swift */; };
		D3B3F1482ADD95C30000B662 /* AppState.swift in Sources */ = {isa = PBXBuildFile; fileRef = D3B3F1452ADD95C30000B662 /* AppState.swift */; };
		D3B3F14A2ADD962D0000B662 /* NavigationState.swift in Sources */ = {isa = PBXBuildFile; fileRef = D3B3F1492ADD962D0000B662 /* NavigationState.swift */; };
		D3B3F14B2ADD962D0000B662 /* NavigationState.swift in Sources */ = {isa = PBXBuildFile; fileRef = D3B3F1492ADD962D0000B662 /* NavigationState.swift */; };
		D3B3F14C2ADD962D0000B662 /* NavigationState.swift in Sources */ = {isa = PBXBuildFile; fileRef = D3B3F1492ADD962D0000B662 /* NavigationState.swift */; };
		D3B3F1502ADD9CEF0000B662 /* FirestoreManager.swift in Sources */ = {isa = PBXBuildFile; fileRef = D3B3F14F2ADD9CEF0000B662 /* FirestoreManager.swift */; };
		D3B3F1512ADD9CEF0000B662 /* FirestoreManager.swift in Sources */ = {isa = PBXBuildFile; fileRef = D3B3F14F2ADD9CEF0000B662 /* FirestoreManager.swift */; };
		D3B3F1522ADD9CEF0000B662 /* FirestoreManager.swift in Sources */ = {isa = PBXBuildFile; fileRef = D3B3F14F2ADD9CEF0000B662 /* FirestoreManager.swift */; };
		D3B3F1542ADD9D4E0000B662 /* RegisterViewModel.swift in Sources */ = {isa = PBXBuildFile; fileRef = D3B3F1532ADD9D4E0000B662 /* RegisterViewModel.swift */; };
		D3B3F1552ADD9D4E0000B662 /* RegisterViewModel.swift in Sources */ = {isa = PBXBuildFile; fileRef = D3B3F1532ADD9D4E0000B662 /* RegisterViewModel.swift */; };
		D3B3F1562ADD9D4E0000B662 /* RegisterViewModel.swift in Sources */ = {isa = PBXBuildFile; fileRef = D3B3F1532ADD9D4E0000B662 /* RegisterViewModel.swift */; };
		D3B3F1582ADD9D750000B662 /* RegisterView.swift in Sources */ = {isa = PBXBuildFile; fileRef = D3B3F1572ADD9D750000B662 /* RegisterView.swift */; };
		D3B3F1592ADD9D750000B662 /* RegisterView.swift in Sources */ = {isa = PBXBuildFile; fileRef = D3B3F1572ADD9D750000B662 /* RegisterView.swift */; };
		D3B3F15A2ADD9D750000B662 /* RegisterView.swift in Sources */ = {isa = PBXBuildFile; fileRef = D3B3F1572ADD9D750000B662 /* RegisterView.swift */; };
		D3B3F15C2ADDA0B80000B662 /* ProfileModel+Firebase.swift in Sources */ = {isa = PBXBuildFile; fileRef = D3B3F15B2ADDA0B80000B662 /* ProfileModel+Firebase.swift */; };
		D3B3F15D2ADDA0B80000B662 /* ProfileModel+Firebase.swift in Sources */ = {isa = PBXBuildFile; fileRef = D3B3F15B2ADDA0B80000B662 /* ProfileModel+Firebase.swift */; };
		D3B3F15E2ADDA0B80000B662 /* ProfileModel+Firebase.swift in Sources */ = {isa = PBXBuildFile; fileRef = D3B3F15B2ADDA0B80000B662 /* ProfileModel+Firebase.swift */; };
		D3C56AF22ADD8A01008378BF /* FirebaseAuthManager.swift in Sources */ = {isa = PBXBuildFile; fileRef = D3C56AF12ADD8A01008378BF /* FirebaseAuthManager.swift */; };
		D3C56AF32ADD8A01008378BF /* FirebaseAuthManager.swift in Sources */ = {isa = PBXBuildFile; fileRef = D3C56AF12ADD8A01008378BF /* FirebaseAuthManager.swift */; };
		D3C56AF42ADD8A01008378BF /* FirebaseAuthManager.swift in Sources */ = {isa = PBXBuildFile; fileRef = D3C56AF12ADD8A01008378BF /* FirebaseAuthManager.swift */; };
/* End PBXBuildFile section */

/* Begin PBXContainerItemProxy section */
		D323D8A62ABC57E900BBEC4E /* PBXContainerItemProxy */ = {
			isa = PBXContainerItemProxy;
			containerPortal = D323D88D2ABC57E800BBEC4E /* Project object */;
			proxyType = 1;
			remoteGlobalIDString = D323D8942ABC57E800BBEC4E;
			remoteInfo = UCBurgalesaiOS;
		};
		D323D8B02ABC57E900BBEC4E /* PBXContainerItemProxy */ = {
			isa = PBXContainerItemProxy;
			containerPortal = D323D88D2ABC57E800BBEC4E /* Project object */;
			proxyType = 1;
			remoteGlobalIDString = D323D8942ABC57E800BBEC4E;
			remoteInfo = UCBurgalesaiOS;
		};
/* End PBXContainerItemProxy section */

/* Begin PBXFileReference section */
		D3115FAF2AD5C06200E437D0 /* RideModel+Firebase.swift */ = {isa = PBXFileReference; lastKnownFileType = sourcecode.swift; path = "RideModel+Firebase.swift"; sourceTree = "<group>"; };
		D323D8952ABC57E800BBEC4E /* UCBurgalesaiOS.app */ = {isa = PBXFileReference; explicitFileType = wrapper.application; includeInIndex = 0; path = UCBurgalesaiOS.app; sourceTree = BUILT_PRODUCTS_DIR; };
		D323D8982ABC57E800BBEC4E /* UCBurgalesaiOSApp.swift */ = {isa = PBXFileReference; lastKnownFileType = sourcecode.swift; path = UCBurgalesaiOSApp.swift; sourceTree = "<group>"; };
		D323D89A2ABC57E800BBEC4E /* ContentView.swift */ = {isa = PBXFileReference; lastKnownFileType = sourcecode.swift; path = ContentView.swift; sourceTree = "<group>"; };
		D323D89C2ABC57E900BBEC4E /* Assets.xcassets */ = {isa = PBXFileReference; lastKnownFileType = folder.assetcatalog; path = Assets.xcassets; sourceTree = "<group>"; };
		D323D89F2ABC57E900BBEC4E /* Preview Assets.xcassets */ = {isa = PBXFileReference; lastKnownFileType = folder.assetcatalog; path = "Preview Assets.xcassets"; sourceTree = "<group>"; };
		D323D8A52ABC57E900BBEC4E /* UCBurgalesaiOSTests.xctest */ = {isa = PBXFileReference; explicitFileType = wrapper.cfbundle; includeInIndex = 0; path = UCBurgalesaiOSTests.xctest; sourceTree = BUILT_PRODUCTS_DIR; };
		D323D8A92ABC57E900BBEC4E /* UCBurgalesaiOSTests.swift */ = {isa = PBXFileReference; lastKnownFileType = sourcecode.swift; path = UCBurgalesaiOSTests.swift; sourceTree = "<group>"; };
		D323D8AF2ABC57E900BBEC4E /* UCBurgalesaiOSUITests.xctest */ = {isa = PBXFileReference; explicitFileType = wrapper.cfbundle; includeInIndex = 0; path = UCBurgalesaiOSUITests.xctest; sourceTree = BUILT_PRODUCTS_DIR; };
		D323D8B32ABC57E900BBEC4E /* UCBurgalesaiOSUITests.swift */ = {isa = PBXFileReference; lastKnownFileType = sourcecode.swift; path = UCBurgalesaiOSUITests.swift; sourceTree = "<group>"; };
		D323D8B52ABC57E900BBEC4E /* UCBurgalesaiOSUITestsLaunchTests.swift */ = {isa = PBXFileReference; lastKnownFileType = sourcecode.swift; path = UCBurgalesaiOSUITestsLaunchTests.swift; sourceTree = "<group>"; };
		D323D8C32ABC585200BBEC4E /* ProfileModel.swift */ = {isa = PBXFileReference; lastKnownFileType = sourcecode.swift; path = ProfileModel.swift; sourceTree = "<group>"; };
		D323D8C72ABC58C800BBEC4E /* RideModel.swift */ = {isa = PBXFileReference; lastKnownFileType = sourcecode.swift; path = RideModel.swift; sourceTree = "<group>"; };
		D323D8CB2ABC58FB00BBEC4E /* CheckingModel.swift */ = {isa = PBXFileReference; lastKnownFileType = sourcecode.swift; path = CheckingModel.swift; sourceTree = "<group>"; };
		D323D8F42AC5E3E900BBEC4E /* GoogleService-Info.plist */ = {isa = PBXFileReference; fileEncoding = 4; lastKnownFileType = text.plist.xml; path = "GoogleService-Info.plist"; sourceTree = "<group>"; };
		D3B3F13B2ADD8D2A0000B662 /* LoginViewModel.swift */ = {isa = PBXFileReference; lastKnownFileType = sourcecode.swift; path = LoginViewModel.swift; sourceTree = "<group>"; };
		D3B3F13F2ADD8D370000B662 /* LoginView.swift */ = {isa = PBXFileReference; lastKnownFileType = sourcecode.swift; path = LoginView.swift; sourceTree = "<group>"; };
		D3B3F1452ADD95C30000B662 /* AppState.swift */ = {isa = PBXFileReference; lastKnownFileType = sourcecode.swift; path = AppState.swift; sourceTree = "<group>"; };
		D3B3F1492ADD962D0000B662 /* NavigationState.swift */ = {isa = PBXFileReference; lastKnownFileType = sourcecode.swift; path = NavigationState.swift; sourceTree = "<group>"; };
		D3B3F14F2ADD9CEF0000B662 /* FirestoreManager.swift */ = {isa = PBXFileReference; lastKnownFileType = sourcecode.swift; path = FirestoreManager.swift; sourceTree = "<group>"; };
		D3B3F1532ADD9D4E0000B662 /* RegisterViewModel.swift */ = {isa = PBXFileReference; lastKnownFileType = sourcecode.swift; path = RegisterViewModel.swift; sourceTree = "<group>"; };
		D3B3F1572ADD9D750000B662 /* RegisterView.swift */ = {isa = PBXFileReference; lastKnownFileType = sourcecode.swift; path = RegisterView.swift; sourceTree = "<group>"; };
		D3B3F15B2ADDA0B80000B662 /* ProfileModel+Firebase.swift */ = {isa = PBXFileReference; lastKnownFileType = sourcecode.swift; path = "ProfileModel+Firebase.swift"; sourceTree = "<group>"; };
		D3C56AF12ADD8A01008378BF /* FirebaseAuthManager.swift */ = {isa = PBXFileReference; lastKnownFileType = sourcecode.swift; path = FirebaseAuthManager.swift; sourceTree = "<group>"; };
/* End PBXFileReference section */

/* Begin PBXFrameworksBuildPhase section */
		D323D8922ABC57E800BBEC4E /* Frameworks */ = {
			isa = PBXFrameworksBuildPhase;
			buildActionMask = 2147483647;
			files = (
				D323D8ED2AC5DC7D00BBEC4E /* FirebaseFirestoreSwift in Frameworks */,
				D323D8E92AC5DC7D00BBEC4E /* FirebaseCrashlytics in Frameworks */,
				D323D8F12AC5DC7D00BBEC4E /* FirebaseMessaging in Frameworks */,
				D323D8EB2AC5DC7D00BBEC4E /* FirebaseFirestore in Frameworks */,
				D323D8EF2AC5DC7D00BBEC4E /* FirebaseFunctions in Frameworks */,
				D323D8F32AC5DC7D00BBEC4E /* FirebaseStorage in Frameworks */,
				D323D8E52AC5DC7D00BBEC4E /* FirebaseAnalyticsSwift in Frameworks */,
				D323D8E72AC5DC7D00BBEC4E /* FirebaseAuth in Frameworks */,
			);
			runOnlyForDeploymentPostprocessing = 0;
		};
		D323D8A22ABC57E900BBEC4E /* Frameworks */ = {
			isa = PBXFrameworksBuildPhase;
			buildActionMask = 2147483647;
			files = (
			);
			runOnlyForDeploymentPostprocessing = 0;
		};
		D323D8AC2ABC57E900BBEC4E /* Frameworks */ = {
			isa = PBXFrameworksBuildPhase;
			buildActionMask = 2147483647;
			files = (
			);
			runOnlyForDeploymentPostprocessing = 0;
		};
/* End PBXFrameworksBuildPhase section */

/* Begin PBXGroup section */
		D323D88C2ABC57E800BBEC4E = {
			isa = PBXGroup;
			children = (
				D323D8972ABC57E800BBEC4E /* UCBurgalesaiOS */,
				D323D8A82ABC57E900BBEC4E /* UCBurgalesaiOSTests */,
				D323D8B22ABC57E900BBEC4E /* UCBurgalesaiOSUITests */,
				D323D8962ABC57E800BBEC4E /* Products */,
			);
			sourceTree = "<group>";
		};
		D323D8962ABC57E800BBEC4E /* Products */ = {
			isa = PBXGroup;
			children = (
				D323D8952ABC57E800BBEC4E /* UCBurgalesaiOS.app */,
				D323D8A52ABC57E900BBEC4E /* UCBurgalesaiOSTests.xctest */,
				D323D8AF2ABC57E900BBEC4E /* UCBurgalesaiOSUITests.xctest */,
			);
			name = Products;
			sourceTree = "<group>";
		};
		D323D8972ABC57E800BBEC4E /* UCBurgalesaiOS */ = {
			isa = PBXGroup;
			children = (
				D3B3F14D2ADD96550000B662 /* Register */,
				D3B3F1432ADD95A90000B662 /* Navigation */,
				D3B3F13A2ADD8D150000B662 /* Login */,
				D3C56AEF2ADD89DB008378BF /* Firebase */,
				D323D8C22ABC580B00BBEC4E /* Model */,
				D323D8982ABC57E800BBEC4E /* UCBurgalesaiOSApp.swift */,
				D323D89A2ABC57E800BBEC4E /* ContentView.swift */,
				D323D8E02AC5D95E00BBEC4E /* SupportingFiles */,
				D323D89E2ABC57E900BBEC4E /* Preview Content */,
			);
			path = UCBurgalesaiOS;
			sourceTree = "<group>";
		};
		D323D89E2ABC57E900BBEC4E /* Preview Content */ = {
			isa = PBXGroup;
			children = (
				D323D89F2ABC57E900BBEC4E /* Preview Assets.xcassets */,
			);
			path = "Preview Content";
			sourceTree = "<group>";
		};
		D323D8A82ABC57E900BBEC4E /* UCBurgalesaiOSTests */ = {
			isa = PBXGroup;
			children = (
				D323D8A92ABC57E900BBEC4E /* UCBurgalesaiOSTests.swift */,
			);
			path = UCBurgalesaiOSTests;
			sourceTree = "<group>";
		};
		D323D8B22ABC57E900BBEC4E /* UCBurgalesaiOSUITests */ = {
			isa = PBXGroup;
			children = (
				D323D8B32ABC57E900BBEC4E /* UCBurgalesaiOSUITests.swift */,
				D323D8B52ABC57E900BBEC4E /* UCBurgalesaiOSUITestsLaunchTests.swift */,
			);
			path = UCBurgalesaiOSUITests;
			sourceTree = "<group>";
		};
		D323D8C22ABC580B00BBEC4E /* Model */ = {
			isa = PBXGroup;
			children = (
				D323D8C32ABC585200BBEC4E /* ProfileModel.swift */,
				D323D8C72ABC58C800BBEC4E /* RideModel.swift */,
				D323D8CB2ABC58FB00BBEC4E /* CheckingModel.swift */,
				D3115FAF2AD5C06200E437D0 /* RideModel+Firebase.swift */,
				D3B3F15B2ADDA0B80000B662 /* ProfileModel+Firebase.swift */,
			);
			path = Model;
			sourceTree = "<group>";
		};
		D323D8E02AC5D95E00BBEC4E /* SupportingFiles */ = {
			isa = PBXGroup;
			children = (
				D323D8F42AC5E3E900BBEC4E /* GoogleService-Info.plist */,
				D323D89C2ABC57E900BBEC4E /* Assets.xcassets */,
			);
			path = SupportingFiles;
			sourceTree = "<group>";
		};
		D3B3F13A2ADD8D150000B662 /* Login */ = {
			isa = PBXGroup;
			children = (
				D3B3F13B2ADD8D2A0000B662 /* LoginViewModel.swift */,
				D3B3F13F2ADD8D370000B662 /* LoginView.swift */,
			);
			path = Login;
			sourceTree = "<group>";
		};
		D3B3F1432ADD95A90000B662 /* Navigation */ = {
			isa = PBXGroup;
			children = (
				D3B3F1442ADD95B20000B662 /* AppState */,
			);
			path = Navigation;
			sourceTree = "<group>";
		};
		D3B3F1442ADD95B20000B662 /* AppState */ = {
			isa = PBXGroup;
			children = (
				D3B3F1452ADD95C30000B662 /* AppState.swift */,
				D3B3F1492ADD962D0000B662 /* NavigationState.swift */,
			);
			path = AppState;
			sourceTree = "<group>";
		};
		D3B3F14D2ADD96550000B662 /* Register */ = {
			isa = PBXGroup;
			children = (
				D3B3F1532ADD9D4E0000B662 /* RegisterViewModel.swift */,
				D3B3F1572ADD9D750000B662 /* RegisterView.swift */,
			);
			path = Register;
			sourceTree = "<group>";
		};
		D3B3F14E2ADD9CD70000B662 /* Firestore */ = {
			isa = PBXGroup;
			children = (
				D3B3F14F2ADD9CEF0000B662 /* FirestoreManager.swift */,
			);
			path = Firestore;
			sourceTree = "<group>";
		};
		D3C56AEF2ADD89DB008378BF /* Firebase */ = {
			isa = PBXGroup;
			children = (
				D3B3F14E2ADD9CD70000B662 /* Firestore */,
				D3C56AF02ADD89E8008378BF /* Authentication */,
			);
			path = Firebase;
			sourceTree = "<group>";
		};
		D3C56AF02ADD89E8008378BF /* Authentication */ = {
			isa = PBXGroup;
			children = (
				D3C56AF12ADD8A01008378BF /* FirebaseAuthManager.swift */,
			);
			path = Authentication;
			sourceTree = "<group>";
		};
/* End PBXGroup section */

/* Begin PBXNativeTarget section */
		D323D8942ABC57E800BBEC4E /* UCBurgalesaiOS */ = {
			isa = PBXNativeTarget;
			buildConfigurationList = D323D8B92ABC57E900BBEC4E /* Build configuration list for PBXNativeTarget "UCBurgalesaiOS" */;
			buildPhases = (
				D323D8912ABC57E800BBEC4E /* Sources */,
				D323D8922ABC57E800BBEC4E /* Frameworks */,
				D323D8932ABC57E800BBEC4E /* Resources */,
			);
			buildRules = (
			);
			dependencies = (
			);
			name = UCBurgalesaiOS;
			packageProductDependencies = (
				D323D8E42AC5DC7D00BBEC4E /* FirebaseAnalyticsSwift */,
				D323D8E62AC5DC7D00BBEC4E /* FirebaseAuth */,
				D323D8E82AC5DC7D00BBEC4E /* FirebaseCrashlytics */,
				D323D8EA2AC5DC7D00BBEC4E /* FirebaseFirestore */,
				D323D8EC2AC5DC7D00BBEC4E /* FirebaseFirestoreSwift */,
				D323D8EE2AC5DC7D00BBEC4E /* FirebaseFunctions */,
				D323D8F02AC5DC7D00BBEC4E /* FirebaseMessaging */,
				D323D8F22AC5DC7D00BBEC4E /* FirebaseStorage */,
			);
			productName = UCBurgalesaiOS;
			productReference = D323D8952ABC57E800BBEC4E /* UCBurgalesaiOS.app */;
			productType = "com.apple.product-type.application";
		};
		D323D8A42ABC57E900BBEC4E /* UCBurgalesaiOSTests */ = {
			isa = PBXNativeTarget;
			buildConfigurationList = D323D8BC2ABC57E900BBEC4E /* Build configuration list for PBXNativeTarget "UCBurgalesaiOSTests" */;
			buildPhases = (
				D323D8A12ABC57E900BBEC4E /* Sources */,
				D323D8A22ABC57E900BBEC4E /* Frameworks */,
				D323D8A32ABC57E900BBEC4E /* Resources */,
			);
			buildRules = (
			);
			dependencies = (
				D323D8A72ABC57E900BBEC4E /* PBXTargetDependency */,
			);
			name = UCBurgalesaiOSTests;
			productName = UCBurgalesaiOSTests;
			productReference = D323D8A52ABC57E900BBEC4E /* UCBurgalesaiOSTests.xctest */;
			productType = "com.apple.product-type.bundle.unit-test";
		};
		D323D8AE2ABC57E900BBEC4E /* UCBurgalesaiOSUITests */ = {
			isa = PBXNativeTarget;
			buildConfigurationList = D323D8BF2ABC57E900BBEC4E /* Build configuration list for PBXNativeTarget "UCBurgalesaiOSUITests" */;
			buildPhases = (
				D323D8AB2ABC57E900BBEC4E /* Sources */,
				D323D8AC2ABC57E900BBEC4E /* Frameworks */,
				D323D8AD2ABC57E900BBEC4E /* Resources */,
			);
			buildRules = (
			);
			dependencies = (
				D323D8B12ABC57E900BBEC4E /* PBXTargetDependency */,
			);
			name = UCBurgalesaiOSUITests;
			productName = UCBurgalesaiOSUITests;
			productReference = D323D8AF2ABC57E900BBEC4E /* UCBurgalesaiOSUITests.xctest */;
			productType = "com.apple.product-type.bundle.ui-testing";
		};
/* End PBXNativeTarget section */

/* Begin PBXProject section */
		D323D88D2ABC57E800BBEC4E /* Project object */ = {
			isa = PBXProject;
			attributes = {
				BuildIndependentTargetsInParallel = 1;
				LastSwiftUpdateCheck = 1420;
				LastUpgradeCheck = 1420;
				TargetAttributes = {
					D323D8942ABC57E800BBEC4E = {
						CreatedOnToolsVersion = 14.2;
					};
					D323D8A42ABC57E900BBEC4E = {
						CreatedOnToolsVersion = 14.2;
						TestTargetID = D323D8942ABC57E800BBEC4E;
					};
					D323D8AE2ABC57E900BBEC4E = {
						CreatedOnToolsVersion = 14.2;
						TestTargetID = D323D8942ABC57E800BBEC4E;
					};
				};
			};
			buildConfigurationList = D323D8902ABC57E800BBEC4E /* Build configuration list for PBXProject "UCBurgalesaiOS" */;
			compatibilityVersion = "Xcode 14.0";
			developmentRegion = en;
			hasScannedForEncodings = 0;
			knownRegions = (
				en,
				Base,
			);
			mainGroup = D323D88C2ABC57E800BBEC4E;
			packageReferences = (
				D323D8E32AC5DC7D00BBEC4E /* XCRemoteSwiftPackageReference "firebase-ios-sdk" */,
			);
			productRefGroup = D323D8962ABC57E800BBEC4E /* Products */;
			projectDirPath = "";
			projectRoot = "";
			targets = (
				D323D8942ABC57E800BBEC4E /* UCBurgalesaiOS */,
				D323D8A42ABC57E900BBEC4E /* UCBurgalesaiOSTests */,
				D323D8AE2ABC57E900BBEC4E /* UCBurgalesaiOSUITests */,
			);
		};
/* End PBXProject section */

/* Begin PBXResourcesBuildPhase section */
		D323D8932ABC57E800BBEC4E /* Resources */ = {
			isa = PBXResourcesBuildPhase;
			buildActionMask = 2147483647;
			files = (
				D323D8A02ABC57E900BBEC4E /* Preview Assets.xcassets in Resources */,
				D323D89D2ABC57E900BBEC4E /* Assets.xcassets in Resources */,
				D323D8F52AC5E3E900BBEC4E /* GoogleService-Info.plist in Resources */,
			);
			runOnlyForDeploymentPostprocessing = 0;
		};
		D323D8A32ABC57E900BBEC4E /* Resources */ = {
			isa = PBXResourcesBuildPhase;
			buildActionMask = 2147483647;
			files = (
			);
			runOnlyForDeploymentPostprocessing = 0;
		};
		D323D8AD2ABC57E900BBEC4E /* Resources */ = {
			isa = PBXResourcesBuildPhase;
			buildActionMask = 2147483647;
			files = (
			);
			runOnlyForDeploymentPostprocessing = 0;
		};
/* End PBXResourcesBuildPhase section */

/* Begin PBXSourcesBuildPhase section */
		D323D8912ABC57E800BBEC4E /* Sources */ = {
			isa = PBXSourcesBuildPhase;
			buildActionMask = 2147483647;
			files = (
				D323D8C42ABC585200BBEC4E /* ProfileModel.swift in Sources */,
				D3B3F1462ADD95C30000B662 /* AppState.swift in Sources */,
				D3C56AF22ADD8A01008378BF /* FirebaseAuthManager.swift in Sources */,
				D3B3F1582ADD9D750000B662 /* RegisterView.swift in Sources */,
				D323D89B2ABC57E800BBEC4E /* ContentView.swift in Sources */,
				D3B3F1402ADD8D370000B662 /* LoginView.swift in Sources */,
				D3B3F14A2ADD962D0000B662 /* NavigationState.swift in Sources */,
				D323D8992ABC57E800BBEC4E /* UCBurgalesaiOSApp.swift in Sources */,
				D3B3F1502ADD9CEF0000B662 /* FirestoreManager.swift in Sources */,
				D3B3F15C2ADDA0B80000B662 /* ProfileModel+Firebase.swift in Sources */,
				D3B3F1542ADD9D4E0000B662 /* RegisterViewModel.swift in Sources */,
				D3B3F13C2ADD8D2A0000B662 /* LoginViewModel.swift in Sources */,
				D323D8C82ABC58C800BBEC4E /* RideModel.swift in Sources */,
				D3115FB02AD5C06200E437D0 /* RideModel+Firebase.swift in Sources */,
				D323D8CC2ABC58FB00BBEC4E /* CheckingModel.swift in Sources */,
			);
			runOnlyForDeploymentPostprocessing = 0;
		};
		D323D8A12ABC57E900BBEC4E /* Sources */ = {
			isa = PBXSourcesBuildPhase;
			buildActionMask = 2147483647;
			files = (
				D3C56AF32ADD8A01008378BF /* FirebaseAuthManager.swift in Sources */,
				D323D8AA2ABC57E900BBEC4E /* UCBurgalesaiOSTests.swift in Sources */,
				D3B3F1592ADD9D750000B662 /* RegisterView.swift in Sources */,
				D323D8C52ABC585200BBEC4E /* ProfileModel.swift in Sources */,
				D3B3F1472ADD95C30000B662 /* AppState.swift in Sources */,
				D323D8C92ABC58C800BBEC4E /* RideModel.swift in Sources */,
				D3B3F15D2ADDA0B80000B662 /* ProfileModel+Firebase.swift in Sources */,
				D3115FB12AD5C06200E437D0 /* RideModel+Firebase.swift in Sources */,
				D323D8CD2ABC58FB00BBEC4E /* CheckingModel.swift in Sources */,
				D3B3F1552ADD9D4E0000B662 /* RegisterViewModel.swift in Sources */,
				D3B3F1412ADD8D370000B662 /* LoginView.swift in Sources */,
				D3B3F13D2ADD8D2A0000B662 /* LoginViewModel.swift in Sources */,
				D3B3F14B2ADD962D0000B662 /* NavigationState.swift in Sources */,
				D3B3F1512ADD9CEF0000B662 /* FirestoreManager.swift in Sources */,
			);
			runOnlyForDeploymentPostprocessing = 0;
		};
		D323D8AB2ABC57E900BBEC4E /* Sources */ = {
			isa = PBXSourcesBuildPhase;
			buildActionMask = 2147483647;
			files = (
				D323D8C62ABC585200BBEC4E /* ProfileModel.swift in Sources */,
				D3B3F1482ADD95C30000B662 /* AppState.swift in Sources */,
				D3C56AF42ADD8A01008378BF /* FirebaseAuthManager.swift in Sources */,
				D3B3F15A2ADD9D750000B662 /* RegisterView.swift in Sources */,
				D323D8B42ABC57E900BBEC4E /* UCBurgalesaiOSUITests.swift in Sources */,
				D3B3F1422ADD8D370000B662 /* LoginView.swift in Sources */,
				D3B3F14C2ADD962D0000B662 /* NavigationState.swift in Sources */,
				D323D8B62ABC57E900BBEC4E /* UCBurgalesaiOSUITestsLaunchTests.swift in Sources */,
				D3B3F1522ADD9CEF0000B662 /* FirestoreManager.swift in Sources */,
				D3B3F15E2ADDA0B80000B662 /* ProfileModel+Firebase.swift in Sources */,
				D3B3F1562ADD9D4E0000B662 /* RegisterViewModel.swift in Sources */,
				D3B3F13E2ADD8D2A0000B662 /* LoginViewModel.swift in Sources */,
				D323D8CA2ABC58C800BBEC4E /* RideModel.swift in Sources */,
				D3115FB22AD5C06200E437D0 /* RideModel+Firebase.swift in Sources */,
				D323D8CE2ABC58FB00BBEC4E /* CheckingModel.swift in Sources */,
			);
			runOnlyForDeploymentPostprocessing = 0;
		};
/* End PBXSourcesBuildPhase section */

/* Begin PBXTargetDependency section */
		D323D8A72ABC57E900BBEC4E /* PBXTargetDependency */ = {
			isa = PBXTargetDependency;
			target = D323D8942ABC57E800BBEC4E /* UCBurgalesaiOS */;
			targetProxy = D323D8A62ABC57E900BBEC4E /* PBXContainerItemProxy */;
		};
		D323D8B12ABC57E900BBEC4E /* PBXTargetDependency */ = {
			isa = PBXTargetDependency;
			target = D323D8942ABC57E800BBEC4E /* UCBurgalesaiOS */;
			targetProxy = D323D8B02ABC57E900BBEC4E /* PBXContainerItemProxy */;
		};
/* End PBXTargetDependency section */

/* Begin XCBuildConfiguration section */
		D323D8B72ABC57E900BBEC4E /* Debug */ = {
			isa = XCBuildConfiguration;
			buildSettings = {
				ALWAYS_SEARCH_USER_PATHS = NO;
				CLANG_ANALYZER_NONNULL = YES;
				CLANG_ANALYZER_NUMBER_OBJECT_CONVERSION = YES_AGGRESSIVE;
				CLANG_CXX_LANGUAGE_STANDARD = "gnu++20";
				CLANG_ENABLE_MODULES = YES;
				CLANG_ENABLE_OBJC_ARC = YES;
				CLANG_ENABLE_OBJC_WEAK = YES;
				CLANG_WARN_BLOCK_CAPTURE_AUTORELEASING = YES;
				CLANG_WARN_BOOL_CONVERSION = YES;
				CLANG_WARN_COMMA = YES;
				CLANG_WARN_CONSTANT_CONVERSION = YES;
				CLANG_WARN_DEPRECATED_OBJC_IMPLEMENTATIONS = YES;
				CLANG_WARN_DIRECT_OBJC_ISA_USAGE = YES_ERROR;
				CLANG_WARN_DOCUMENTATION_COMMENTS = YES;
				CLANG_WARN_EMPTY_BODY = YES;
				CLANG_WARN_ENUM_CONVERSION = YES;
				CLANG_WARN_INFINITE_RECURSION = YES;
				CLANG_WARN_INT_CONVERSION = YES;
				CLANG_WARN_NON_LITERAL_NULL_CONVERSION = YES;
				CLANG_WARN_OBJC_IMPLICIT_RETAIN_SELF = YES;
				CLANG_WARN_OBJC_LITERAL_CONVERSION = YES;
				CLANG_WARN_OBJC_ROOT_CLASS = YES_ERROR;
				CLANG_WARN_QUOTED_INCLUDE_IN_FRAMEWORK_HEADER = YES;
				CLANG_WARN_RANGE_LOOP_ANALYSIS = YES;
				CLANG_WARN_STRICT_PROTOTYPES = YES;
				CLANG_WARN_SUSPICIOUS_MOVE = YES;
				CLANG_WARN_UNGUARDED_AVAILABILITY = YES_AGGRESSIVE;
				CLANG_WARN_UNREACHABLE_CODE = YES;
				CLANG_WARN__DUPLICATE_METHOD_MATCH = YES;
				COPY_PHASE_STRIP = NO;
				DEBUG_INFORMATION_FORMAT = dwarf;
				ENABLE_STRICT_OBJC_MSGSEND = YES;
				ENABLE_TESTABILITY = YES;
				GCC_C_LANGUAGE_STANDARD = gnu11;
				GCC_DYNAMIC_NO_PIC = NO;
				GCC_NO_COMMON_BLOCKS = YES;
				GCC_OPTIMIZATION_LEVEL = 0;
				GCC_PREPROCESSOR_DEFINITIONS = (
					"DEBUG=1",
					"$(inherited)",
				);
				GCC_WARN_64_TO_32_BIT_CONVERSION = YES;
				GCC_WARN_ABOUT_RETURN_TYPE = YES_ERROR;
				GCC_WARN_UNDECLARED_SELECTOR = YES;
				GCC_WARN_UNINITIALIZED_AUTOS = YES_AGGRESSIVE;
				GCC_WARN_UNUSED_FUNCTION = YES;
				GCC_WARN_UNUSED_VARIABLE = YES;
				IPHONEOS_DEPLOYMENT_TARGET = 16.2;
				MTL_ENABLE_DEBUG_INFO = INCLUDE_SOURCE;
				MTL_FAST_MATH = YES;
				ONLY_ACTIVE_ARCH = YES;
				SDKROOT = iphoneos;
				SWIFT_ACTIVE_COMPILATION_CONDITIONS = DEBUG;
				SWIFT_OPTIMIZATION_LEVEL = "-Onone";
			};
			name = Debug;
		};
		D323D8B82ABC57E900BBEC4E /* Release */ = {
			isa = XCBuildConfiguration;
			buildSettings = {
				ALWAYS_SEARCH_USER_PATHS = NO;
				CLANG_ANALYZER_NONNULL = YES;
				CLANG_ANALYZER_NUMBER_OBJECT_CONVERSION = YES_AGGRESSIVE;
				CLANG_CXX_LANGUAGE_STANDARD = "gnu++20";
				CLANG_ENABLE_MODULES = YES;
				CLANG_ENABLE_OBJC_ARC = YES;
				CLANG_ENABLE_OBJC_WEAK = YES;
				CLANG_WARN_BLOCK_CAPTURE_AUTORELEASING = YES;
				CLANG_WARN_BOOL_CONVERSION = YES;
				CLANG_WARN_COMMA = YES;
				CLANG_WARN_CONSTANT_CONVERSION = YES;
				CLANG_WARN_DEPRECATED_OBJC_IMPLEMENTATIONS = YES;
				CLANG_WARN_DIRECT_OBJC_ISA_USAGE = YES_ERROR;
				CLANG_WARN_DOCUMENTATION_COMMENTS = YES;
				CLANG_WARN_EMPTY_BODY = YES;
				CLANG_WARN_ENUM_CONVERSION = YES;
				CLANG_WARN_INFINITE_RECURSION = YES;
				CLANG_WARN_INT_CONVERSION = YES;
				CLANG_WARN_NON_LITERAL_NULL_CONVERSION = YES;
				CLANG_WARN_OBJC_IMPLICIT_RETAIN_SELF = YES;
				CLANG_WARN_OBJC_LITERAL_CONVERSION = YES;
				CLANG_WARN_OBJC_ROOT_CLASS = YES_ERROR;
				CLANG_WARN_QUOTED_INCLUDE_IN_FRAMEWORK_HEADER = YES;
				CLANG_WARN_RANGE_LOOP_ANALYSIS = YES;
				CLANG_WARN_STRICT_PROTOTYPES = YES;
				CLANG_WARN_SUSPICIOUS_MOVE = YES;
				CLANG_WARN_UNGUARDED_AVAILABILITY = YES_AGGRESSIVE;
				CLANG_WARN_UNREACHABLE_CODE = YES;
				CLANG_WARN__DUPLICATE_METHOD_MATCH = YES;
				COPY_PHASE_STRIP = NO;
				DEBUG_INFORMATION_FORMAT = "dwarf-with-dsym";
				ENABLE_NS_ASSERTIONS = NO;
				ENABLE_STRICT_OBJC_MSGSEND = YES;
				GCC_C_LANGUAGE_STANDARD = gnu11;
				GCC_NO_COMMON_BLOCKS = YES;
				GCC_WARN_64_TO_32_BIT_CONVERSION = YES;
				GCC_WARN_ABOUT_RETURN_TYPE = YES_ERROR;
				GCC_WARN_UNDECLARED_SELECTOR = YES;
				GCC_WARN_UNINITIALIZED_AUTOS = YES_AGGRESSIVE;
				GCC_WARN_UNUSED_FUNCTION = YES;
				GCC_WARN_UNUSED_VARIABLE = YES;
				IPHONEOS_DEPLOYMENT_TARGET = 16.2;
				MTL_ENABLE_DEBUG_INFO = NO;
				MTL_FAST_MATH = YES;
				SDKROOT = iphoneos;
				SWIFT_COMPILATION_MODE = wholemodule;
				SWIFT_OPTIMIZATION_LEVEL = "-O";
				VALIDATE_PRODUCT = YES;
			};
			name = Release;
		};
		D323D8BA2ABC57E900BBEC4E /* Debug */ = {
			isa = XCBuildConfiguration;
			buildSettings = {
				ASSETCATALOG_COMPILER_APPICON_NAME = AppIcon;
				ASSETCATALOG_COMPILER_GLOBAL_ACCENT_COLOR_NAME = AccentColor;
				CODE_SIGN_STYLE = Automatic;
				CURRENT_PROJECT_VERSION = 1;
				DEVELOPMENT_ASSET_PATHS = "\"UCBurgalesaiOS/Preview Content\"";
				DEVELOPMENT_TEAM = BHC56Q6KCK;
				ENABLE_PREVIEWS = YES;
				GENERATE_INFOPLIST_FILE = YES;
				INFOPLIST_KEY_UIApplicationSceneManifest_Generation = YES;
				INFOPLIST_KEY_UIApplicationSupportsIndirectInputEvents = YES;
				INFOPLIST_KEY_UILaunchScreen_Generation = YES;
				INFOPLIST_KEY_UISupportedInterfaceOrientations_iPad = "UIInterfaceOrientationPortrait UIInterfaceOrientationPortraitUpsideDown UIInterfaceOrientationLandscapeLeft UIInterfaceOrientationLandscapeRight";
				INFOPLIST_KEY_UISupportedInterfaceOrientations_iPhone = "UIInterfaceOrientationPortrait UIInterfaceOrientationLandscapeLeft UIInterfaceOrientationLandscapeRight";
				LD_RUNPATH_SEARCH_PATHS = (
					"$(inherited)",
					"@executable_path/Frameworks",
				);
				MARKETING_VERSION = 1.0;
				PRODUCT_BUNDLE_IDENTIFIER = com.ucburgalesa.MJM;
				PRODUCT_NAME = "$(TARGET_NAME)";
				SWIFT_EMIT_LOC_STRINGS = YES;
				SWIFT_VERSION = 5.0;
				TARGETED_DEVICE_FAMILY = "1,2";
			};
			name = Debug;
		};
		D323D8BB2ABC57E900BBEC4E /* Release */ = {
			isa = XCBuildConfiguration;
			buildSettings = {
				ASSETCATALOG_COMPILER_APPICON_NAME = AppIcon;
				ASSETCATALOG_COMPILER_GLOBAL_ACCENT_COLOR_NAME = AccentColor;
				CODE_SIGN_STYLE = Automatic;
				CURRENT_PROJECT_VERSION = 1;
				DEVELOPMENT_ASSET_PATHS = "\"UCBurgalesaiOS/Preview Content\"";
				DEVELOPMENT_TEAM = BHC56Q6KCK;
				ENABLE_PREVIEWS = YES;
				GENERATE_INFOPLIST_FILE = YES;
				INFOPLIST_KEY_UIApplicationSceneManifest_Generation = YES;
				INFOPLIST_KEY_UIApplicationSupportsIndirectInputEvents = YES;
				INFOPLIST_KEY_UILaunchScreen_Generation = YES;
				INFOPLIST_KEY_UISupportedInterfaceOrientations_iPad = "UIInterfaceOrientationPortrait UIInterfaceOrientationPortraitUpsideDown UIInterfaceOrientationLandscapeLeft UIInterfaceOrientationLandscapeRight";
				INFOPLIST_KEY_UISupportedInterfaceOrientations_iPhone = "UIInterfaceOrientationPortrait UIInterfaceOrientationLandscapeLeft UIInterfaceOrientationLandscapeRight";
				LD_RUNPATH_SEARCH_PATHS = (
					"$(inherited)",
					"@executable_path/Frameworks",
				);
				MARKETING_VERSION = 1.0;
				PRODUCT_BUNDLE_IDENTIFIER = com.ucburgalesa.MJM;
				PRODUCT_NAME = "$(TARGET_NAME)";
				SWIFT_EMIT_LOC_STRINGS = YES;
				SWIFT_VERSION = 5.0;
				TARGETED_DEVICE_FAMILY = "1,2";
			};
			name = Release;
		};
		D323D8BD2ABC57E900BBEC4E /* Debug */ = {
			isa = XCBuildConfiguration;
			buildSettings = {
				ALWAYS_EMBED_SWIFT_STANDARD_LIBRARIES = YES;
				BUNDLE_LOADER = "$(TEST_HOST)";
				CODE_SIGN_STYLE = Automatic;
				CURRENT_PROJECT_VERSION = 1;
				DEVELOPMENT_TEAM = BHC56Q6KCK;
				GENERATE_INFOPLIST_FILE = YES;
				IPHONEOS_DEPLOYMENT_TARGET = 16.2;
				MARKETING_VERSION = 1.0;
				PRODUCT_BUNDLE_IDENTIFIER = MarkelJM.UCBurgalesaiOSTests;
				PRODUCT_NAME = "$(TARGET_NAME)";
				SWIFT_EMIT_LOC_STRINGS = NO;
				SWIFT_VERSION = 5.0;
				TARGETED_DEVICE_FAMILY = "1,2";
				TEST_HOST = "$(BUILT_PRODUCTS_DIR)/UCBurgalesaiOS.app/$(BUNDLE_EXECUTABLE_FOLDER_PATH)/UCBurgalesaiOS";
			};
			name = Debug;
		};
		D323D8BE2ABC57E900BBEC4E /* Release */ = {
			isa = XCBuildConfiguration;
			buildSettings = {
				ALWAYS_EMBED_SWIFT_STANDARD_LIBRARIES = YES;
				BUNDLE_LOADER = "$(TEST_HOST)";
				CODE_SIGN_STYLE = Automatic;
				CURRENT_PROJECT_VERSION = 1;
				DEVELOPMENT_TEAM = BHC56Q6KCK;
				GENERATE_INFOPLIST_FILE = YES;
				IPHONEOS_DEPLOYMENT_TARGET = 16.2;
				MARKETING_VERSION = 1.0;
				PRODUCT_BUNDLE_IDENTIFIER = MarkelJM.UCBurgalesaiOSTests;
				PRODUCT_NAME = "$(TARGET_NAME)";
				SWIFT_EMIT_LOC_STRINGS = NO;
				SWIFT_VERSION = 5.0;
				TARGETED_DEVICE_FAMILY = "1,2";
				TEST_HOST = "$(BUILT_PRODUCTS_DIR)/UCBurgalesaiOS.app/$(BUNDLE_EXECUTABLE_FOLDER_PATH)/UCBurgalesaiOS";
			};
			name = Release;
		};
		D323D8C02ABC57E900BBEC4E /* Debug */ = {
			isa = XCBuildConfiguration;
			buildSettings = {
				ALWAYS_EMBED_SWIFT_STANDARD_LIBRARIES = YES;
				CODE_SIGN_STYLE = Automatic;
				CURRENT_PROJECT_VERSION = 1;
				DEVELOPMENT_TEAM = BHC56Q6KCK;
				GENERATE_INFOPLIST_FILE = YES;
				MARKETING_VERSION = 1.0;
				PRODUCT_BUNDLE_IDENTIFIER = MarkelJM.UCBurgalesaiOSUITests;
				PRODUCT_NAME = "$(TARGET_NAME)";
				SWIFT_EMIT_LOC_STRINGS = NO;
				SWIFT_VERSION = 5.0;
				TARGETED_DEVICE_FAMILY = "1,2";
				TEST_TARGET_NAME = UCBurgalesaiOS;
			};
			name = Debug;
		};
		D323D8C12ABC57E900BBEC4E /* Release */ = {
			isa = XCBuildConfiguration;
			buildSettings = {
				ALWAYS_EMBED_SWIFT_STANDARD_LIBRARIES = YES;
				CODE_SIGN_STYLE = Automatic;
				CURRENT_PROJECT_VERSION = 1;
				DEVELOPMENT_TEAM = BHC56Q6KCK;
				GENERATE_INFOPLIST_FILE = YES;
				MARKETING_VERSION = 1.0;
				PRODUCT_BUNDLE_IDENTIFIER = MarkelJM.UCBurgalesaiOSUITests;
				PRODUCT_NAME = "$(TARGET_NAME)";
				SWIFT_EMIT_LOC_STRINGS = NO;
				SWIFT_VERSION = 5.0;
				TARGETED_DEVICE_FAMILY = "1,2";
				TEST_TARGET_NAME = UCBurgalesaiOS;
			};
			name = Release;
		};
/* End XCBuildConfiguration section */

/* Begin XCConfigurationList section */
		D323D8902ABC57E800BBEC4E /* Build configuration list for PBXProject "UCBurgalesaiOS" */ = {
			isa = XCConfigurationList;
			buildConfigurations = (
				D323D8B72ABC57E900BBEC4E /* Debug */,
				D323D8B82ABC57E900BBEC4E /* Release */,
			);
			defaultConfigurationIsVisible = 0;
			defaultConfigurationName = Release;
		};
		D323D8B92ABC57E900BBEC4E /* Build configuration list for PBXNativeTarget "UCBurgalesaiOS" */ = {
			isa = XCConfigurationList;
			buildConfigurations = (
				D323D8BA2ABC57E900BBEC4E /* Debug */,
				D323D8BB2ABC57E900BBEC4E /* Release */,
			);
			defaultConfigurationIsVisible = 0;
			defaultConfigurationName = Release;
		};
		D323D8BC2ABC57E900BBEC4E /* Build configuration list for PBXNativeTarget "UCBurgalesaiOSTests" */ = {
			isa = XCConfigurationList;
			buildConfigurations = (
				D323D8BD2ABC57E900BBEC4E /* Debug */,
				D323D8BE2ABC57E900BBEC4E /* Release */,
			);
			defaultConfigurationIsVisible = 0;
			defaultConfigurationName = Release;
		};
		D323D8BF2ABC57E900BBEC4E /* Build configuration list for PBXNativeTarget "UCBurgalesaiOSUITests" */ = {
			isa = XCConfigurationList;
			buildConfigurations = (
				D323D8C02ABC57E900BBEC4E /* Debug */,
				D323D8C12ABC57E900BBEC4E /* Release */,
			);
			defaultConfigurationIsVisible = 0;
			defaultConfigurationName = Release;
		};
/* End XCConfigurationList section */

/* Begin XCRemoteSwiftPackageReference section */
		D323D8E32AC5DC7D00BBEC4E /* XCRemoteSwiftPackageReference "firebase-ios-sdk" */ = {
			isa = XCRemoteSwiftPackageReference;
			repositoryURL = "https://github.com/firebase/firebase-ios-sdk";
			requirement = {
				kind = upToNextMajorVersion;
				minimumVersion = 9.0.0;
			};
		};
/* End XCRemoteSwiftPackageReference section */

/* Begin XCSwiftPackageProductDependency section */
		D323D8E42AC5DC7D00BBEC4E /* FirebaseAnalyticsSwift */ = {
			isa = XCSwiftPackageProductDependency;
			package = D323D8E32AC5DC7D00BBEC4E /* XCRemoteSwiftPackageReference "firebase-ios-sdk" */;
			productName = FirebaseAnalyticsSwift;
		};
		D323D8E62AC5DC7D00BBEC4E /* FirebaseAuth */ = {
			isa = XCSwiftPackageProductDependency;
			package = D323D8E32AC5DC7D00BBEC4E /* XCRemoteSwiftPackageReference "firebase-ios-sdk" */;
			productName = FirebaseAuth;
		};
		D323D8E82AC5DC7D00BBEC4E /* FirebaseCrashlytics */ = {
			isa = XCSwiftPackageProductDependency;
			package = D323D8E32AC5DC7D00BBEC4E /* XCRemoteSwiftPackageReference "firebase-ios-sdk" */;
			productName = FirebaseCrashlytics;
		};
		D323D8EA2AC5DC7D00BBEC4E /* FirebaseFirestore */ = {
			isa = XCSwiftPackageProductDependency;
			package = D323D8E32AC5DC7D00BBEC4E /* XCRemoteSwiftPackageReference "firebase-ios-sdk" */;
			productName = FirebaseFirestore;
		};
		D323D8EC2AC5DC7D00BBEC4E /* FirebaseFirestoreSwift */ = {
			isa = XCSwiftPackageProductDependency;
			package = D323D8E32AC5DC7D00BBEC4E /* XCRemoteSwiftPackageReference "firebase-ios-sdk" */;
			productName = FirebaseFirestoreSwift;
		};
		D323D8EE2AC5DC7D00BBEC4E /* FirebaseFunctions */ = {
			isa = XCSwiftPackageProductDependency;
			package = D323D8E32AC5DC7D00BBEC4E /* XCRemoteSwiftPackageReference "firebase-ios-sdk" */;
			productName = FirebaseFunctions;
		};
		D323D8F02AC5DC7D00BBEC4E /* FirebaseMessaging */ = {
			isa = XCSwiftPackageProductDependency;
			package = D323D8E32AC5DC7D00BBEC4E /* XCRemoteSwiftPackageReference "firebase-ios-sdk" */;
			productName = FirebaseMessaging;
		};
		D323D8F22AC5DC7D00BBEC4E /* FirebaseStorage */ = {
			isa = XCSwiftPackageProductDependency;
			package = D323D8E32AC5DC7D00BBEC4E /* XCRemoteSwiftPackageReference "firebase-ios-sdk" */;
			productName = FirebaseStorage;
		};
/* End XCSwiftPackageProductDependency section */
	};
	rootObject = D323D88D2ABC57E800BBEC4E /* Project object */;
}
